
Microsoft Visual Studio Solution File, Format Version 12.00
# Visual Studio Version 17
VisualStudioVersion = 17.0.32126.317
MinimumVisualStudioVersion = 10.0.40219.1
Project("{FAE04EC0-301F-11D3-BF4B-00C04F79EFBC}") = "cep_api", "cep_api\cep_api.csproj", "{0C6403C2-22FA-4B6B-821E-FD0A8E9388B2}"
EndProject
Global
	GlobalSection(SolutionConfigurationPlatforms) = preSolution
		Debug|Any CPU = Debug|Any CPU
		Release|Any CPU = Release|Any CPU
	EndGlobalSection
	GlobalSection(ProjectConfigurationPlatforms) = postSolution
		{0C6403C2-22FA-4B6B-821E-FD0A8E9388B2}.Debug|Any CPU.ActiveCfg = Debug|Any CPU
		{0C6403C2-22FA-4B6B-821E-FD0A8E9388B2}.Debug|Any CPU.Build.0 = Debug|Any CPU
		{0C6403C2-22FA-4B6B-821E-FD0A8E9388B2}.Release|Any CPU.ActiveCfg = Release|Any CPU
		{0C6403C2-22FA-4B6B-821E-FD0A8E9388B2}.Release|Any CPU.Build.0 = Release|Any CPU
	EndGlobalSection
	GlobalSection(SolutionProperties) = preSolution
		HideSolutionNode = FALSE
	EndGlobalSection
	GlobalSection(ExtensibilityGlobals) = postSolution
		SolutionGuid = {82C35343-3C23-4B5C-9C0E-C3DB1E85C6F7}
	EndGlobalSection
EndGlobal
